
Microsoft Visual Studio Solution File, Format Version 12.00
# Visual Studio 15
VisualStudioVersion = 15.0.28010.2050
MinimumVisualStudioVersion = 10.0.40219.1
Project("{FAE04EC0-301F-11D3-BF4B-00C04F79EFBC}") = "Codility.Tests", "Codility.Tests\Codility.Tests.csproj", "{2118F91F-CE26-4CED-9DD8-3A58D17AAC74}"
EndProject
Project("{FAE04EC0-301F-11D3-BF4B-00C04F79EFBC}") = "forming-a-magic-square", "forming-a-magic-square\forming-a-magic-square.csproj", "{CDAB328E-A37D-4757-A745-19FA4D8B5BBA}"
EndProject
Global
	GlobalSection(SolutionConfigurationPlatforms) = preSolution
		Debug|Any CPU = Debug|Any CPU
		Release|Any CPU = Release|Any CPU
	EndGlobalSection
	GlobalSection(ProjectConfigurationPlatforms) = postSolution
		{2118F91F-CE26-4CED-9DD8-3A58D17AAC74}.Debug|Any CPU.ActiveCfg = Debug|Any CPU
		{2118F91F-CE26-4CED-9DD8-3A58D17AAC74}.Debug|Any CPU.Build.0 = Debug|Any CPU
		{2118F91F-CE26-4CED-9DD8-3A58D17AAC74}.Release|Any CPU.ActiveCfg = Release|Any CPU
		{2118F91F-CE26-4CED-9DD8-3A58D17AAC74}.Release|Any CPU.Build.0 = Release|Any CPU
		{CDAB328E-A37D-4757-A745-19FA4D8B5BBA}.Debug|Any CPU.ActiveCfg = Debug|Any CPU
		{CDAB328E-A37D-4757-A745-19FA4D8B5BBA}.Debug|Any CPU.Build.0 = Debug|Any CPU
		{CDAB328E-A37D-4757-A745-19FA4D8B5BBA}.Release|Any CPU.ActiveCfg = Release|Any CPU
		{CDAB328E-A37D-4757-A745-19FA4D8B5BBA}.Release|Any CPU.Build.0 = Release|Any CPU
	EndGlobalSection
	GlobalSection(SolutionProperties) = preSolution
		HideSolutionNode = FALSE
	EndGlobalSection
	GlobalSection(ExtensibilityGlobals) = postSolution
		SolutionGuid = {1A29CC07-CADC-4B66-97C9-0A2AA746A09C}
	EndGlobalSection
EndGlobal
